{
  "name": "rtk-node",
  "version": "0.1.0",
  "lockfileVersion": 3,
  "requires": true,
  "packages": {
    "": {
      "name": "rtk-node",
      "version": "0.1.0",
      "license": "MIT",
      "bin": {
        "rtk-node": "bin/rtk-node.js"
      },
      "engines": {
        "node": ">=18"
      }
    }
  }
}
