{
  "name": "sesshush",
  "version": "0.1.0",
  "lockfileVersion": 3,
  "requires": true,
  "packages": {
    "": {
      "name": "sesshush",
      "version": "0.1.0",
      "license": "MIT",
      "bin": {
        "sesshush": "bin/sesshush.js"
      },
      "engines": {
        "node": ">=18"
      }
    }
  }
}
